// !$*UTF8*$!
{
	archiveVersion = 1;
	classes = {
	};
	objectVersion = 77;
	objects = {

/* Begin PBXBuildFile section */
		03D12E2CC142EEB28BADC594 /* TTSManager.swift in Sources */ = {isa = PBXBuildFile; fileRef = C94E878175E4AEFA24301CEF /* TTSManager.swift */; };
		0B783B6BC217FF5E1A5FB2DB /* MediaCacheManager.swift in Sources */ = {isa = PBXBuildFile; fileRef = 1F35FCA7F0E9CB9B44806302 /* MediaCacheManager.swift */; };
		0D4C23F74BE14BDD7DBB6270 /* ConnectionsVM.swift in Sources */ = {isa = PBXBuildFile; fileRef = 327C2DEBA9E5BD81FB6F94FF /* ConnectionsVM.swift */; };
		1257048CA5A19F6F63CA6B96 /* SettingsVM.swift in Sources */ = {isa = PBXBuildFile; fileRef = 9AC2AFA7E74451D3936A6E5A /* SettingsVM.swift */; };
		13DE9D8507C56C9440AC98A0 /* EventLogView.swift in Sources */ = {isa = PBXBuildFile; fileRef = 03B7E1440C41A3C2B2F2DC7D /* EventLogView.swift */; };
		15C562E1B22D8C05FDCF46F2 /* NotificationService.swift in Sources */ = {isa = PBXBuildFile; fileRef = 31C382326420A3F696325028 /* NotificationService.swift */; };
		357447FF94FADD3C50D5446E /* AlertEvent.swift in Sources */ = {isa = PBXBuildFile; fileRef = B997C8CF8D6F599DC1E4196B /* AlertEvent.swift */; };
		395F48E51C7DECAB77D3EB99 /* AudioPlaybackService.swift in Sources */ = {isa = PBXBuildFile; fileRef = 332564AC65F8C74A8969183F /* AudioPlaybackService.swift */; };
		3B28E4E7D2D367503C3EAF38 /* AppSettings.swift in Sources */ = {isa = PBXBuildFile; fileRef = 5EF3209CE8BB113171AD1D46 /* AppSettings.swift */; };
		3F794067F795E07B4A7D5D5A /* SettingsView.swift in Sources */ = {isa = PBXBuildFile; fileRef = 768E008DED73B2CC788ABFB7 /* SettingsView.swift */; };
		41B91268FBD659DF358E16A2 /* AppDelegate.swift in Sources */ = {isa = PBXBuildFile; fileRef = 7F2BC14A3A271DE3A82F225C /* AppDelegate.swift */; };
		44E9E8442F83CC1EEC574DC5 /* SilentAudioPlayer.swift in Sources */ = {isa = PBXBuildFile; fileRef = 8A0019BDFDCB62D1F29A3935 /* SilentAudioPlayer.swift */; };
		4A60C46057C26D008C8AA188 /* DashboardVM.swift in Sources */ = {isa = PBXBuildFile; fileRef = BAE3D760213D2C420FF8AB72 /* DashboardVM.swift */; };
		5A507D4DE27CB0ACD65AACEB /* DisconnectMonitor.swift in Sources */ = {isa = PBXBuildFile; fileRef = E22234A40B6067C00E869A1D /* DisconnectMonitor.swift */; };
		5BBF913B1160F1050B53D91B /* AlertTestingVM.swift in Sources */ = {isa = PBXBuildFile; fileRef = DB5F7E66C382AB281C1D660E /* AlertTestingVM.swift */; };
		5E7BABBE33C3B8E825B5C35A /* AlertType.swift in Sources */ = {isa = PBXBuildFile; fileRef = BFF28462DB803A303269851C /* AlertType.swift */; };
		602183C1162991620067DEA1 /* AlertServiceProtocol.swift in Sources */ = {isa = PBXBuildFile; fileRef = E3284E64F36F8948755F99A5 /* AlertServiceProtocol.swift */; };
		6E917B7C340AE5139522EF86 /* RelayClient.swift in Sources */ = {isa = PBXBuildFile; fileRef = E9F60306B910E4A21310F44C /* RelayClient.swift */; };
		6ED6726E5F2112A305317152 /* PiPStatusView.swift in Sources */ = {isa = PBXBuildFile; fileRef = 2D28141FF1B5612042B97AEF /* PiPStatusView.swift */; };
		79126F94762BE0E9BF9A9FAE /* EventStore.swift in Sources */ = {isa = PBXBuildFile; fileRef = 32429B72293524B64F56CCD7 /* EventStore.swift */; };
		7F0926B1FA14B76E12D7E62B /* PiPManager.swift in Sources */ = {isa = PBXBuildFile; fileRef = 8A1B56229994C73A163C48AD /* PiPManager.swift */; };
		89AB0EAAAD98BA104D1BE0E2 /* AudioSessionManager.swift in Sources */ = {isa = PBXBuildFile; fileRef = 0FD3BA2A2B6A95A64CACF7AD /* AudioSessionManager.swift */; };
		8E4DA8820D73B0F7461109A8 /* AlertQueueManager.swift in Sources */ = {isa = PBXBuildFile; fileRef = 19B695205EEB96224FC268A1 /* AlertQueueManager.swift */; };
		8FDC86A613E496BC6D7E87E1 /* DashboardView.swift in Sources */ = {isa = PBXBuildFile; fileRef = DC5F2A159090B4916BE174E6 /* DashboardView.swift */; };
		9069B63F467F303549011B67 /* DesignSystem.swift in Sources */ = {isa = PBXBuildFile; fileRef = 4717E6088F2CC6FC86576E84 /* DesignSystem.swift */; };
		912C0BF48F1E4280969A40DE /* ConnectionManager.swift in Sources */ = {isa = PBXBuildFile; fileRef = F43C068E23DB4C2189CBE85C /* ConnectionManager.swift */; };
		962492C4E3893FB098F61A7D /* EventLogVM.swift in Sources */ = {isa = PBXBuildFile; fileRef = 06BFAA3C2AC23D09C52A1A04 /* EventLogVM.swift */; };
		9D569F5A9DD9FA3F17C95BE3 /* NavigationRouter.swift in Sources */ = {isa = PBXBuildFile; fileRef = 4B4E0E477043162A72007673 /* NavigationRouter.swift */; };
		AB2D0832DCBED66FABFD1FE0 /* PushNotificationManager.swift in Sources */ = {isa = PBXBuildFile; fileRef = 06ED7A3550C5A6D08F708825 /* PushNotificationManager.swift */; };
		ACE67EBEA735690A613A8B23 /* ConnectionsView.swift in Sources */ = {isa = PBXBuildFile; fileRef = 2FD65ED1179D0FC229502F1A /* ConnectionsView.swift */; };
		B33CFD929AC06EEE3E06040B /* OnboardingView.swift in Sources */ = {isa = PBXBuildFile; fileRef = 1EFB8D2865A027165D9776AF /* OnboardingView.swift */; };
		B6466B59332EE3D5AB2BD970 /* QueueStatusView.swift in Sources */ = {isa = PBXBuildFile; fileRef = 25817FB1EB3F707F5AC4AE7A /* QueueStatusView.swift */; };
		B99C8909FCA2B249298C7E9E /* SocketIO in Frameworks */ = {isa = PBXBuildFile; productRef = D0DD298C84AABFA10A94AF94 /* SocketIO */; };
		BBE8E577210BAD49A414B1F5 /* IRLAlertNotificationService.appex in Embed Foundation Extensions */ = {isa = PBXBuildFile; fileRef = CF7F245F14479757ACCBC502 /* IRLAlertNotificationService.appex */; settings = {ATTRIBUTES = (CodeSignOnCopy, RemoveHeadersOnCopy, ); }; };
		D087DABE85BF59E1A3205D06 /* PiPWindowHelper.swift in Sources */ = {isa = PBXBuildFile; fileRef = E5CD365BB374BCAA42FEA484 /* PiPWindowHelper.swift */; };
		E55C940952B046D454567048 /* TabBarView.swift in Sources */ = {isa = PBXBuildFile; fileRef = 51E4772A6A5637D0677D6FDA /* TabBarView.swift */; };
		EB2DF1E593433D0596780D35 /* StreamlabsSocketService.swift in Sources */ = {isa = PBXBuildFile; fileRef = 7791D908D6EA98F8FFFA0A8A /* StreamlabsSocketService.swift */; };
		F981B8BD62405D967DFA41EC /* IRLAlertApp.swift in Sources */ = {isa = PBXBuildFile; fileRef = 42BB09FE43512D7088C99CA2 /* IRLAlertApp.swift */; };
		FE048EA2E271B66B9764A59E /* AlertTestingView.swift in Sources */ = {isa = PBXBuildFile; fileRef = F91E7423A57CE8BF2C3C8B61 /* AlertTestingView.swift */; };
/* End PBXBuildFile section */

/* Begin PBXContainerItemProxy section */
		336D8151067EF6F8CACB1944 /* PBXContainerItemProxy */ = {
			isa = PBXContainerItemProxy;
			containerPortal = 706946F906BE6A6405C7934E /* Project object */;
			proxyType = 1;
			remoteGlobalIDString = 0D705DD003F19B53E793C8E0;
			remoteInfo = IRLAlertNotificationService;
		};
/* End PBXContainerItemProxy section */

/* Begin PBXCopyFilesBuildPhase section */
		9193AAD8E6D23C42B871E031 /* Embed Foundation Extensions */ = {
			isa = PBXCopyFilesBuildPhase;
			buildActionMask = 2147483647;
			dstPath = "";
			dstSubfolderSpec = 13;
			files = (
				BBE8E577210BAD49A414B1F5 /* IRLAlertNotificationService.appex in Embed Foundation Extensions */,
			);
			name = "Embed Foundation Extensions";
			runOnlyForDeploymentPostprocessing = 0;
		};
/* End PBXCopyFilesBuildPhase section */

/* Begin PBXFileReference section */
		03B7E1440C41A3C2B2F2DC7D /* EventLogView.swift */ = {isa = PBXFileReference; lastKnownFileType = sourcecode.swift; path = EventLogView.swift; sourceTree = "<group>"; };
		06BFAA3C2AC23D09C52A1A04 /* EventLogVM.swift */ = {isa = PBXFileReference; lastKnownFileType = sourcecode.swift; path = EventLogVM.swift; sourceTree = "<group>"; };
		06ED7A3550C5A6D08F708825 /* PushNotificationManager.swift */ = {isa = PBXFileReference; lastKnownFileType = sourcecode.swift; path = PushNotificationManager.swift; sourceTree = "<group>"; };
		0B85C7B2E8D9F408CD7F4A53 /* IRLAlert.entitlements */ = {isa = PBXFileReference; lastKnownFileType = text.plist.entitlements; path = IRLAlert.entitlements; sourceTree = "<group>"; };
		0FD3BA2A2B6A95A64CACF7AD /* AudioSessionManager.swift */ = {isa = PBXFileReference; lastKnownFileType = sourcecode.swift; path = AudioSessionManager.swift; sourceTree = "<group>"; };
		19B695205EEB96224FC268A1 /* AlertQueueManager.swift */ = {isa = PBXFileReference; lastKnownFileType = sourcecode.swift; path = AlertQueueManager.swift; sourceTree = "<group>"; };
		1EFB8D2865A027165D9776AF /* OnboardingView.swift */ = {isa = PBXFileReference; lastKnownFileType = sourcecode.swift; path = OnboardingView.swift; sourceTree = "<group>"; };
		1F35FCA7F0E9CB9B44806302 /* MediaCacheManager.swift */ = {isa = PBXFileReference; lastKnownFileType = sourcecode.swift; path = MediaCacheManager.swift; sourceTree = "<group>"; };
		25817FB1EB3F707F5AC4AE7A /* QueueStatusView.swift */ = {isa = PBXFileReference; lastKnownFileType = sourcecode.swift; path = QueueStatusView.swift; sourceTree = "<group>"; };
		2D28141FF1B5612042B97AEF /* PiPStatusView.swift */ = {isa = PBXFileReference; lastKnownFileType = sourcecode.swift; path = PiPStatusView.swift; sourceTree = "<group>"; };
		2FD65ED1179D0FC229502F1A /* ConnectionsView.swift */ = {isa = PBXFileReference; lastKnownFileType = sourcecode.swift; path = ConnectionsView.swift; sourceTree = "<group>"; };
		31C382326420A3F696325028 /* NotificationService.swift */ = {isa = PBXFileReference; lastKnownFileType = sourcecode.swift; path = NotificationService.swift; sourceTree = "<group>"; };
		32429B72293524B64F56CCD7 /* EventStore.swift */ = {isa = PBXFileReference; lastKnownFileType = sourcecode.swift; path = EventStore.swift; sourceTree = "<group>"; };
		327C2DEBA9E5BD81FB6F94FF /* ConnectionsVM.swift */ = {isa = PBXFileReference; lastKnownFileType = sourcecode.swift; path = ConnectionsVM.swift; sourceTree = "<group>"; };
		332564AC65F8C74A8969183F /* AudioPlaybackService.swift */ = {isa = PBXFileReference; lastKnownFileType = sourcecode.swift; path = AudioPlaybackService.swift; sourceTree = "<group>"; };
		42BB09FE43512D7088C99CA2 /* IRLAlertApp.swift */ = {isa = PBXFileReference; lastKnownFileType = sourcecode.swift; path = IRLAlertApp.swift; sourceTree = "<group>"; };
		4717E6088F2CC6FC86576E84 /* DesignSystem.swift */ = {isa = PBXFileReference; lastKnownFileType = sourcecode.swift; path = DesignSystem.swift; sourceTree = "<group>"; };
		4B4E0E477043162A72007673 /* NavigationRouter.swift */ = {isa = PBXFileReference; lastKnownFileType = sourcecode.swift; path = NavigationRouter.swift; sourceTree = "<group>"; };
		4F489319AE637F1D677F8C40 /* Info.plist */ = {isa = PBXFileReference; lastKnownFileType = text.plist; path = Info.plist; sourceTree = "<group>"; };
		51E4772A6A5637D0677D6FDA /* TabBarView.swift */ = {isa = PBXFileReference; lastKnownFileType = sourcecode.swift; path = TabBarView.swift; sourceTree = "<group>"; };
		5EF3209CE8BB113171AD1D46 /* AppSettings.swift */ = {isa = PBXFileReference; lastKnownFileType = sourcecode.swift; path = AppSettings.swift; sourceTree = "<group>"; };
		768E008DED73B2CC788ABFB7 /* SettingsView.swift */ = {isa = PBXFileReference; lastKnownFileType = sourcecode.swift; path = SettingsView.swift; sourceTree = "<group>"; };
		7791D908D6EA98F8FFFA0A8A /* StreamlabsSocketService.swift */ = {isa = PBXFileReference; lastKnownFileType = sourcecode.swift; path = StreamlabsSocketService.swift; sourceTree = "<group>"; };
		7F2BC14A3A271DE3A82F225C /* AppDelegate.swift */ = {isa = PBXFileReference; lastKnownFileType = sourcecode.swift; path = AppDelegate.swift; sourceTree = "<group>"; };
		8A0019BDFDCB62D1F29A3935 /* SilentAudioPlayer.swift */ = {isa = PBXFileReference; lastKnownFileType = sourcecode.swift; path = SilentAudioPlayer.swift; sourceTree = "<group>"; };
		8A1B56229994C73A163C48AD /* PiPManager.swift */ = {isa = PBXFileReference; lastKnownFileType = sourcecode.swift; path = PiPManager.swift; sourceTree = "<group>"; };
		9AC2AFA7E74451D3936A6E5A /* SettingsVM.swift */ = {isa = PBXFileReference; lastKnownFileType = sourcecode.swift; path = SettingsVM.swift; sourceTree = "<group>"; };
		B997C8CF8D6F599DC1E4196B /* AlertEvent.swift */ = {isa = PBXFileReference; lastKnownFileType = sourcecode.swift; path = AlertEvent.swift; sourceTree = "<group>"; };
		BAE3D760213D2C420FF8AB72 /* DashboardVM.swift */ = {isa = PBXFileReference; lastKnownFileType = sourcecode.swift; path = DashboardVM.swift; sourceTree = "<group>"; };
		BFF28462DB803A303269851C /* AlertType.swift */ = {isa = PBXFileReference; lastKnownFileType = sourcecode.swift; path = AlertType.swift; sourceTree = "<group>"; };
		C94E878175E4AEFA24301CEF /* TTSManager.swift */ = {isa = PBXFileReference; lastKnownFileType = sourcecode.swift; path = TTSManager.swift; sourceTree = "<group>"; };
		CF7F245F14479757ACCBC502 /* IRLAlertNotificationService.appex */ = {isa = PBXFileReference; explicitFileType = "wrapper.app-extension"; includeInIndex = 0; path = IRLAlertNotificationService.appex; sourceTree = BUILT_PRODUCTS_DIR; };
		DB5F7E66C382AB281C1D660E /* AlertTestingVM.swift */ = {isa = PBXFileReference; lastKnownFileType = sourcecode.swift; path = AlertTestingVM.swift; sourceTree = "<group>"; };
		DC5F2A159090B4916BE174E6 /* DashboardView.swift */ = {isa = PBXFileReference; lastKnownFileType = sourcecode.swift; path = DashboardView.swift; sourceTree = "<group>"; };
		E22234A40B6067C00E869A1D /* DisconnectMonitor.swift */ = {isa = PBXFileReference; lastKnownFileType = sourcecode.swift; path = DisconnectMonitor.swift; sourceTree = "<group>"; };
		E3284E64F36F8948755F99A5 /* AlertServiceProtocol.swift */ = {isa = PBXFileReference; lastKnownFileType = sourcecode.swift; path = AlertServiceProtocol.swift; sourceTree = "<group>"; };
		E5CD365BB374BCAA42FEA484 /* PiPWindowHelper.swift */ = {isa = PBXFileReference; lastKnownFileType = sourcecode.swift; path = PiPWindowHelper.swift; sourceTree = "<group>"; };
		E9F60306B910E4A21310F44C /* RelayClient.swift */ = {isa = PBXFileReference; lastKnownFileType = sourcecode.swift; path = RelayClient.swift; sourceTree = "<group>"; };
		EB6B830C3A28C3D111328BFC /* IRLAlert.app */ = {isa = PBXFileReference; explicitFileType = wrapper.application; includeInIndex = 0; path = IRLAlert.app; sourceTree = BUILT_PRODUCTS_DIR; };
		F43C068E23DB4C2189CBE85C /* ConnectionManager.swift */ = {isa = PBXFileReference; lastKnownFileType = sourcecode.swift; path = ConnectionManager.swift; sourceTree = "<group>"; };
		F91E7423A57CE8BF2C3C8B61 /* AlertTestingView.swift */ = {isa = PBXFileReference; lastKnownFileType = sourcecode.swift; path = AlertTestingView.swift; sourceTree = "<group>"; };
/* End PBXFileReference section */

/* Begin PBXFrameworksBuildPhase section */
		7E08C06B4CF5EC19CF8D687A /* Frameworks */ = {
			isa = PBXFrameworksBuildPhase;
			buildActionMask = 2147483647;
			files = (
				B99C8909FCA2B249298C7E9E /* SocketIO in Frameworks */,
			);
			runOnlyForDeploymentPostprocessing = 0;
		};
/* End PBXFrameworksBuildPhase section */

/* Begin PBXGroup section */
		6493884663462D7BFFCAE90B /* Models */ = {
			isa = PBXGroup;
			children = (
				B997C8CF8D6F599DC1E4196B /* AlertEvent.swift */,
				BFF28462DB803A303269851C /* AlertType.swift */,
				5EF3209CE8BB113171AD1D46 /* AppSettings.swift */,
			);
			path = Models;
			sourceTree = "<group>";
		};
		79105C5662420FEEDDBA3610 = {
			isa = PBXGroup;
			children = (
				810301CCE56A1F0AC1121EC7 /* IRLAlert */,
				A15298AFC36454AC94E7A8D0 /* IRLAlertNotificationService */,
				81D6B15E0C1A25F8702DF6C9 /* Products */,
			);
			sourceTree = "<group>";
		};
		810301CCE56A1F0AC1121EC7 /* IRLAlert */ = {
			isa = PBXGroup;
			children = (
				7F2BC14A3A271DE3A82F225C /* AppDelegate.swift */,
				0B85C7B2E8D9F408CD7F4A53 /* IRLAlert.entitlements */,
				42BB09FE43512D7088C99CA2 /* IRLAlertApp.swift */,
				6493884663462D7BFFCAE90B /* Models */,
				B0F44F5944D73FFF4A58DDDE /* Services */,
				97B95F964B88B2F0A2C55EAD /* ViewModels */,
				C4A0631345B3E3E57E9B1862 /* Views */,
			);
			path = IRLAlert;
			sourceTree = "<group>";
		};
		81D6B15E0C1A25F8702DF6C9 /* Products */ = {
			isa = PBXGroup;
			children = (
				EB6B830C3A28C3D111328BFC /* IRLAlert.app */,
				CF7F245F14479757ACCBC502 /* IRLAlertNotificationService.appex */,
			);
			name = Products;
			sourceTree = "<group>";
		};
		97B95F964B88B2F0A2C55EAD /* ViewModels */ = {
			isa = PBXGroup;
			children = (
				DB5F7E66C382AB281C1D660E /* AlertTestingVM.swift */,
				327C2DEBA9E5BD81FB6F94FF /* ConnectionsVM.swift */,
				BAE3D760213D2C420FF8AB72 /* DashboardVM.swift */,
				06BFAA3C2AC23D09C52A1A04 /* EventLogVM.swift */,
				4B4E0E477043162A72007673 /* NavigationRouter.swift */,
				9AC2AFA7E74451D3936A6E5A /* SettingsVM.swift */,
			);
			path = ViewModels;
			sourceTree = "<group>";
		};
		A15298AFC36454AC94E7A8D0 /* IRLAlertNotificationService */ = {
			isa = PBXGroup;
			children = (
				4F489319AE637F1D677F8C40 /* Info.plist */,
				31C382326420A3F696325028 /* NotificationService.swift */,
			);
			path = IRLAlertNotificationService;
			sourceTree = "<group>";
		};
		B0F44F5944D73FFF4A58DDDE /* Services */ = {
			isa = PBXGroup;
			children = (
				19B695205EEB96224FC268A1 /* AlertQueueManager.swift */,
				E3284E64F36F8948755F99A5 /* AlertServiceProtocol.swift */,
				332564AC65F8C74A8969183F /* AudioPlaybackService.swift */,
				0FD3BA2A2B6A95A64CACF7AD /* AudioSessionManager.swift */,
				F43C068E23DB4C2189CBE85C /* ConnectionManager.swift */,
				E22234A40B6067C00E869A1D /* DisconnectMonitor.swift */,
				32429B72293524B64F56CCD7 /* EventStore.swift */,
				1F35FCA7F0E9CB9B44806302 /* MediaCacheManager.swift */,
				8A1B56229994C73A163C48AD /* PiPManager.swift */,
				E5CD365BB374BCAA42FEA484 /* PiPWindowHelper.swift */,
				06ED7A3550C5A6D08F708825 /* PushNotificationManager.swift */,
				E9F60306B910E4A21310F44C /* RelayClient.swift */,
				8A0019BDFDCB62D1F29A3935 /* SilentAudioPlayer.swift */,
				7791D908D6EA98F8FFFA0A8A /* StreamlabsSocketService.swift */,
				C94E878175E4AEFA24301CEF /* TTSManager.swift */,
			);
			path = Services;
			sourceTree = "<group>";
		};
		C4A0631345B3E3E57E9B1862 /* Views */ = {
			isa = PBXGroup;
			children = (
				F91E7423A57CE8BF2C3C8B61 /* AlertTestingView.swift */,
				2FD65ED1179D0FC229502F1A /* ConnectionsView.swift */,
				DC5F2A159090B4916BE174E6 /* DashboardView.swift */,
				4717E6088F2CC6FC86576E84 /* DesignSystem.swift */,
				03B7E1440C41A3C2B2F2DC7D /* EventLogView.swift */,
				1EFB8D2865A027165D9776AF /* OnboardingView.swift */,
				2D28141FF1B5612042B97AEF /* PiPStatusView.swift */,
				25817FB1EB3F707F5AC4AE7A /* QueueStatusView.swift */,
				768E008DED73B2CC788ABFB7 /* SettingsView.swift */,
				51E4772A6A5637D0677D6FDA /* TabBarView.swift */,
			);
			path = Views;
			sourceTree = "<group>";
		};
/* End PBXGroup section */

/* Begin PBXNativeTarget section */
		0D705DD003F19B53E793C8E0 /* IRLAlertNotificationService */ = {
			isa = PBXNativeTarget;
			buildConfigurationList = F4694809C011C4E69B074199 /* Build configuration list for PBXNativeTarget "IRLAlertNotificationService" */;
			buildPhases = (
				0E26F32BC58E5364768EFECA /* Sources */,
			);
			buildRules = (
			);
			dependencies = (
			);
			name = IRLAlertNotificationService;
			packageProductDependencies = (
			);
			productName = IRLAlertNotificationService;
			productReference = CF7F245F14479757ACCBC502 /* IRLAlertNotificationService.appex */;
			productType = "com.apple.product-type.app-extension";
		};
		9FED6A45DF8A0588AA9CC5DF /* IRLAlert */ = {
			isa = PBXNativeTarget;
			buildConfigurationList = E274FB520922D005C08FD2DD /* Build configuration list for PBXNativeTarget "IRLAlert" */;
			buildPhases = (
				89B5ABA3741A83465A2026F7 /* Sources */,
				7E08C06B4CF5EC19CF8D687A /* Frameworks */,
				9193AAD8E6D23C42B871E031 /* Embed Foundation Extensions */,
			);
			buildRules = (
			);
			dependencies = (
				9AA63CE44243971859A92C65 /* PBXTargetDependency */,
			);
			name = IRLAlert;
			packageProductDependencies = (
				D0DD298C84AABFA10A94AF94 /* SocketIO */,
			);
			productName = IRLAlert;
			productReference = EB6B830C3A28C3D111328BFC /* IRLAlert.app */;
			productType = "com.apple.product-type.application";
		};
/* End PBXNativeTarget section */

/* Begin PBXProject section */
		706946F906BE6A6405C7934E /* Project object */ = {
			isa = PBXProject;
			attributes = {
				BuildIndependentTargetsInParallel = YES;
				LastUpgradeCheck = 1600;
				TargetAttributes = {
					0D705DD003F19B53E793C8E0 = {
						ProvisioningStyle = Automatic;
					};
					9FED6A45DF8A0588AA9CC5DF = {
						ProvisioningStyle = Automatic;
					};
				};
			};
			buildConfigurationList = 2241FFA810AF0372B9D7E628 /* Build configuration list for PBXProject "IRLAlert" */;
			developmentRegion = en;
			hasScannedForEncodings = 0;
			knownRegions = (
				Base,
				en,
			);
			mainGroup = 79105C5662420FEEDDBA3610;
			minimizedProjectReferenceProxies = 1;
			packageReferences = (
				555C2DBD6E82C1E302B9ABE1 /* XCRemoteSwiftPackageReference "socket" */,
			);
			preferredProjectObjectVersion = 77;
			productRefGroup = 81D6B15E0C1A25F8702DF6C9 /* Products */;
			projectDirPath = "";
			projectRoot = "";
			targets = (
				9FED6A45DF8A0588AA9CC5DF /* IRLAlert */,
				0D705DD003F19B53E793C8E0 /* IRLAlertNotificationService */,
			);
		};
/* End PBXProject section */

/* Begin PBXSourcesBuildPhase section */
		0E26F32BC58E5364768EFECA /* Sources */ = {
			isa = PBXSourcesBuildPhase;
			buildActionMask = 2147483647;
			files = (
				15C562E1B22D8C05FDCF46F2 /* NotificationService.swift in Sources */,
			);
			runOnlyForDeploymentPostprocessing = 0;
		};
		89B5ABA3741A83465A2026F7 /* Sources */ = {
			isa = PBXSourcesBuildPhase;
			buildActionMask = 2147483647;
			files = (
				357447FF94FADD3C50D5446E /* AlertEvent.swift in Sources */,
				8E4DA8820D73B0F7461109A8 /* AlertQueueManager.swift in Sources */,
				602183C1162991620067DEA1 /* AlertServiceProtocol.swift in Sources */,
				5BBF913B1160F1050B53D91B /* AlertTestingVM.swift in Sources */,
				FE048EA2E271B66B9764A59E /* AlertTestingView.swift in Sources */,
				5E7BABBE33C3B8E825B5C35A /* AlertType.swift in Sources */,
				41B91268FBD659DF358E16A2 /* AppDelegate.swift in Sources */,
				3B28E4E7D2D367503C3EAF38 /* AppSettings.swift in Sources */,
				395F48E51C7DECAB77D3EB99 /* AudioPlaybackService.swift in Sources */,
				89AB0EAAAD98BA104D1BE0E2 /* AudioSessionManager.swift in Sources */,
				912C0BF48F1E4280969A40DE /* ConnectionManager.swift in Sources */,
				0D4C23F74BE14BDD7DBB6270 /* ConnectionsVM.swift in Sources */,
				ACE67EBEA735690A613A8B23 /* ConnectionsView.swift in Sources */,
				4A60C46057C26D008C8AA188 /* DashboardVM.swift in Sources */,
				8FDC86A613E496BC6D7E87E1 /* DashboardView.swift in Sources */,
				9069B63F467F303549011B67 /* DesignSystem.swift in Sources */,
				5A507D4DE27CB0ACD65AACEB /* DisconnectMonitor.swift in Sources */,
				962492C4E3893FB098F61A7D /* EventLogVM.swift in Sources */,
				13DE9D8507C56C9440AC98A0 /* EventLogView.swift in Sources */,
				79126F94762BE0E9BF9A9FAE /* EventStore.swift in Sources */,
				F981B8BD62405D967DFA41EC /* IRLAlertApp.swift in Sources */,
				0B783B6BC217FF5E1A5FB2DB /* MediaCacheManager.swift in Sources */,
				9D569F5A9DD9FA3F17C95BE3 /* NavigationRouter.swift in Sources */,
				B33CFD929AC06EEE3E06040B /* OnboardingView.swift in Sources */,
				7F0926B1FA14B76E12D7E62B /* PiPManager.swift in Sources */,
				6ED6726E5F2112A305317152 /* PiPStatusView.swift in Sources */,
				D087DABE85BF59E1A3205D06 /* PiPWindowHelper.swift in Sources */,
				AB2D0832DCBED66FABFD1FE0 /* PushNotificationManager.swift in Sources */,
				B6466B59332EE3D5AB2BD970 /* QueueStatusView.swift in Sources */,
				6E917B7C340AE5139522EF86 /* RelayClient.swift in Sources */,
				1257048CA5A19F6F63CA6B96 /* SettingsVM.swift in Sources */,
				3F794067F795E07B4A7D5D5A /* SettingsView.swift in Sources */,
				44E9E8442F83CC1EEC574DC5 /* SilentAudioPlayer.swift in Sources */,
				EB2DF1E593433D0596780D35 /* StreamlabsSocketService.swift in Sources */,
				03D12E2CC142EEB28BADC594 /* TTSManager.swift in Sources */,
				E55C940952B046D454567048 /* TabBarView.swift in Sources */,
			);
			runOnlyForDeploymentPostprocessing = 0;
		};
/* End PBXSourcesBuildPhase section */

/* Begin PBXTargetDependency section */
		9AA63CE44243971859A92C65 /* PBXTargetDependency */ = {
			isa = PBXTargetDependency;
			target = 0D705DD003F19B53E793C8E0 /* IRLAlertNotificationService */;
			targetProxy = 336D8151067EF6F8CACB1944 /* PBXContainerItemProxy */;
		};
/* End PBXTargetDependency section */

/* Begin XCBuildConfiguration section */
		0882B9536890E38E207FA4B1 /* Release */ = {
			isa = XCBuildConfiguration;
			buildSettings = {
				ALWAYS_SEARCH_USER_PATHS = NO;
				CLANG_ANALYZER_NONNULL = YES;
				CLANG_ANALYZER_NUMBER_OBJECT_CONVERSION = YES_AGGRESSIVE;
				CLANG_CXX_LANGUAGE_STANDARD = "gnu++14";
				CLANG_CXX_LIBRARY = "libc++";
				CLANG_ENABLE_MODULES = YES;
				CLANG_ENABLE_OBJC_ARC = YES;
				CLANG_ENABLE_OBJC_WEAK = YES;
				CLANG_WARN_BLOCK_CAPTURE_AUTORELEASING = YES;
				CLANG_WARN_BOOL_CONVERSION = YES;
				CLANG_WARN_COMMA = YES;
				CLANG_WARN_CONSTANT_CONVERSION = YES;
				CLANG_WARN_DEPRECATED_OBJC_IMPLEMENTATIONS = YES;
				CLANG_WARN_DIRECT_OBJC_ISA_USAGE = YES_ERROR;
				CLANG_WARN_DOCUMENTATION_COMMENTS = YES;
				CLANG_WARN_EMPTY_BODY = YES;
				CLANG_WARN_ENUM_CONVERSION = YES;
				CLANG_WARN_INFINITE_RECURSION = YES;
				CLANG_WARN_INT_CONVERSION = YES;
				CLANG_WARN_NON_LITERAL_NULL_CONVERSION = YES;
				CLANG_WARN_OBJC_IMPLICIT_RETAIN_SELF = YES;
				CLANG_WARN_OBJC_LITERAL_CONVERSION = YES;
				CLANG_WARN_OBJC_ROOT_CLASS = YES_ERROR;
				CLANG_WARN_QUOTED_INCLUDE_IN_FRAMEWORK_HEADER = YES;
				CLANG_WARN_RANGE_LOOP_ANALYSIS = YES;
				CLANG_WARN_STRICT_PROTOTYPES = YES;
				CLANG_WARN_SUSPICIOUS_MOVE = YES;
				CLANG_WARN_UNGUARDED_AVAILABILITY = YES_AGGRESSIVE;
				CLANG_WARN_UNREACHABLE_CODE = YES;
				CLANG_WARN__DUPLICATE_METHOD_MATCH = YES;
				COPY_PHASE_STRIP = NO;
				CURRENT_PROJECT_VERSION = 1;
				DEBUG_INFORMATION_FORMAT = "dwarf-with-dsym";
				ENABLE_NS_ASSERTIONS = NO;
				ENABLE_PREVIEWS = YES;
				ENABLE_STRICT_OBJC_MSGSEND = YES;
				GCC_C_LANGUAGE_STANDARD = gnu11;
				GCC_NO_COMMON_BLOCKS = YES;
				GCC_WARN_64_TO_32_BIT_CONVERSION = YES;
				GCC_WARN_ABOUT_RETURN_TYPE = YES_ERROR;
				GCC_WARN_UNDECLARED_SELECTOR = YES;
				GCC_WARN_UNINITIALIZED_AUTOS = YES_AGGRESSIVE;
				GCC_WARN_UNUSED_FUNCTION = YES;
				GCC_WARN_UNUSED_VARIABLE = YES;
				IPHONEOS_DEPLOYMENT_TARGET = 17.0;
				MARKETING_VERSION = 1.0.0;
				MTL_ENABLE_DEBUG_INFO = NO;
				MTL_FAST_MATH = YES;
				PRODUCT_NAME = "$(TARGET_NAME)";
				SDKROOT = iphoneos;
				SWIFT_COMPILATION_MODE = wholemodule;
				SWIFT_OPTIMIZATION_LEVEL = "-O";
				SWIFT_STRICT_CONCURRENCY = complete;
				SWIFT_VERSION = 6.0;
				TARGETED_DEVICE_FAMILY = 1;
			};
			name = Release;
		};
		600169AB37DA05F7D6BC7BBF /* Debug */ = {
			isa = XCBuildConfiguration;
			buildSettings = {
				ASSETCATALOG_COMPILER_APPICON_NAME = AppIcon;
				CODE_SIGN_ENTITLEMENTS = IRLAlert/IRLAlert.entitlements;
				CODE_SIGN_IDENTITY = "iPhone Developer";
				CODE_SIGN_STYLE = Automatic;
				DEVELOPMENT_TEAM = MGTKZN7AVK;
				GENERATE_INFOPLIST_FILE = YES;
				INFOPLIST_KEY_CFBundleDisplayName = "IRL Alert";
				INFOPLIST_KEY_UIApplicationSceneManifest_Generation = YES;
				INFOPLIST_KEY_UIApplicationSupportsIndirectInputEvents = YES;
				INFOPLIST_KEY_UIBackgroundModes = "audio picture-in-picture";
				INFOPLIST_KEY_UILaunchScreen_Generation = YES;
				INFOPLIST_KEY_UISupportedInterfaceOrientations = UIInterfaceOrientationPortrait;
				IPHONEOS_DEPLOYMENT_TARGET = 17.0;
				LD_RUNPATH_SEARCH_PATHS = (
					"$(inherited)",
					"@executable_path/Frameworks",
				);
				PRODUCT_BUNDLE_IDENTIFIER = com.irlalert.app;
				SDKROOT = iphoneos;
				SWIFT_VERSION = 6.0;
				TARGETED_DEVICE_FAMILY = "1,2";
			};
			name = Debug;
		};
		B91E17F308AFEA0296755A05 /* Debug */ = {
			isa = XCBuildConfiguration;
			buildSettings = {
				CODE_SIGN_STYLE = Automatic;
				DEVELOPMENT_TEAM = MGTKZN7AVK;
				INFOPLIST_FILE = IRLAlertNotificationService/Info.plist;
				IPHONEOS_DEPLOYMENT_TARGET = 17.0;
				LD_RUNPATH_SEARCH_PATHS = (
					"$(inherited)",
					"@executable_path/Frameworks",
					"@executable_path/../../Frameworks",
				);
				PRODUCT_BUNDLE_IDENTIFIER = com.irlalert.app.notificationservice;
				SDKROOT = iphoneos;
				SKIP_INSTALL = YES;
				TARGETED_DEVICE_FAMILY = "1,2";
			};
			name = Debug;
		};
		DD3F1C0F3949115D02FC8CB7 /* Release */ = {
			isa = XCBuildConfiguration;
			buildSettings = {
				CODE_SIGN_STYLE = Automatic;
				DEVELOPMENT_TEAM = MGTKZN7AVK;
				INFOPLIST_FILE = IRLAlertNotificationService/Info.plist;
				IPHONEOS_DEPLOYMENT_TARGET = 17.0;
				LD_RUNPATH_SEARCH_PATHS = (
					"$(inherited)",
					"@executable_path/Frameworks",
					"@executable_path/../../Frameworks",
				);
				PRODUCT_BUNDLE_IDENTIFIER = com.irlalert.app.notificationservice;
				SDKROOT = iphoneos;
				SKIP_INSTALL = YES;
				TARGETED_DEVICE_FAMILY = "1,2";
			};
			name = Release;
		};
		E16E02E20A332A58270F6B6C /* Release */ = {
			isa = XCBuildConfiguration;
			buildSettings = {
				ASSETCATALOG_COMPILER_APPICON_NAME = AppIcon;
				CODE_SIGN_ENTITLEMENTS = IRLAlert/IRLAlert.entitlements;
				CODE_SIGN_IDENTITY = "iPhone Developer";
				CODE_SIGN_STYLE = Automatic;
				DEVELOPMENT_TEAM = MGTKZN7AVK;
				GENERATE_INFOPLIST_FILE = YES;
				INFOPLIST_KEY_CFBundleDisplayName = "IRL Alert";
				INFOPLIST_KEY_UIApplicationSceneManifest_Generation = YES;
				INFOPLIST_KEY_UIApplicationSupportsIndirectInputEvents = YES;
				INFOPLIST_KEY_UIBackgroundModes = "audio picture-in-picture";
				INFOPLIST_KEY_UILaunchScreen_Generation = YES;
				INFOPLIST_KEY_UISupportedInterfaceOrientations = UIInterfaceOrientationPortrait;
				IPHONEOS_DEPLOYMENT_TARGET = 17.0;
				LD_RUNPATH_SEARCH_PATHS = (
					"$(inherited)",
					"@executable_path/Frameworks",
				);
				PRODUCT_BUNDLE_IDENTIFIER = com.irlalert.app;
				SDKROOT = iphoneos;
				SWIFT_VERSION = 6.0;
				TARGETED_DEVICE_FAMILY = "1,2";
			};
			name = Release;
		};
		F419A1FF122842EA4D922AE6 /* Debug */ = {
			isa = XCBuildConfiguration;
			buildSettings = {
				ALWAYS_SEARCH_USER_PATHS = NO;
				CLANG_ANALYZER_NONNULL = YES;
				CLANG_ANALYZER_NUMBER_OBJECT_CONVERSION = YES_AGGRESSIVE;
				CLANG_CXX_LANGUAGE_STANDARD = "gnu++14";
				CLANG_CXX_LIBRARY = "libc++";
				CLANG_ENABLE_MODULES = YES;
				CLANG_ENABLE_OBJC_ARC = YES;
				CLANG_ENABLE_OBJC_WEAK = YES;
				CLANG_WARN_BLOCK_CAPTURE_AUTORELEASING = YES;
				CLANG_WARN_BOOL_CONVERSION = YES;
				CLANG_WARN_COMMA = YES;
				CLANG_WARN_CONSTANT_CONVERSION = YES;
				CLANG_WARN_DEPRECATED_OBJC_IMPLEMENTATIONS = YES;
				CLANG_WARN_DIRECT_OBJC_ISA_USAGE = YES_ERROR;
				CLANG_WARN_DOCUMENTATION_COMMENTS = YES;
				CLANG_WARN_EMPTY_BODY = YES;
				CLANG_WARN_ENUM_CONVERSION = YES;
				CLANG_WARN_INFINITE_RECURSION = YES;
				CLANG_WARN_INT_CONVERSION = YES;
				CLANG_WARN_NON_LITERAL_NULL_CONVERSION = YES;
				CLANG_WARN_OBJC_IMPLICIT_RETAIN_SELF = YES;
				CLANG_WARN_OBJC_LITERAL_CONVERSION = YES;
				CLANG_WARN_OBJC_ROOT_CLASS = YES_ERROR;
				CLANG_WARN_QUOTED_INCLUDE_IN_FRAMEWORK_HEADER = YES;
				CLANG_WARN_RANGE_LOOP_ANALYSIS = YES;
				CLANG_WARN_STRICT_PROTOTYPES = YES;
				CLANG_WARN_SUSPICIOUS_MOVE = YES;
				CLANG_WARN_UNGUARDED_AVAILABILITY = YES_AGGRESSIVE;
				CLANG_WARN_UNREACHABLE_CODE = YES;
				CLANG_WARN__DUPLICATE_METHOD_MATCH = YES;
				COPY_PHASE_STRIP = NO;
				CURRENT_PROJECT_VERSION = 1;
				DEBUG_INFORMATION_FORMAT = dwarf;
				ENABLE_PREVIEWS = YES;
				ENABLE_STRICT_OBJC_MSGSEND = YES;
				ENABLE_TESTABILITY = YES;
				GCC_C_LANGUAGE_STANDARD = gnu11;
				GCC_DYNAMIC_NO_PIC = NO;
				GCC_NO_COMMON_BLOCKS = YES;
				GCC_OPTIMIZATION_LEVEL = 0;
				GCC_PREPROCESSOR_DEFINITIONS = (
					"$(inherited)",
					"DEBUG=1",
				);
				GCC_WARN_64_TO_32_BIT_CONVERSION = YES;
				GCC_WARN_ABOUT_RETURN_TYPE = YES_ERROR;
				GCC_WARN_UNDECLARED_SELECTOR = YES;
				GCC_WARN_UNINITIALIZED_AUTOS = YES_AGGRESSIVE;
				GCC_WARN_UNUSED_FUNCTION = YES;
				GCC_WARN_UNUSED_VARIABLE = YES;
				IPHONEOS_DEPLOYMENT_TARGET = 17.0;
				MARKETING_VERSION = 1.0.0;
				MTL_ENABLE_DEBUG_INFO = INCLUDE_SOURCE;
				MTL_FAST_MATH = YES;
				ONLY_ACTIVE_ARCH = YES;
				PRODUCT_NAME = "$(TARGET_NAME)";
				SDKROOT = iphoneos;
				SWIFT_ACTIVE_COMPILATION_CONDITIONS = DEBUG;
				SWIFT_OPTIMIZATION_LEVEL = "-Onone";
				SWIFT_STRICT_CONCURRENCY = complete;
				SWIFT_VERSION = 6.0;
				TARGETED_DEVICE_FAMILY = 1;
			};
			name = Debug;
		};
/* End XCBuildConfiguration section */

/* Begin XCConfigurationList section */
		2241FFA810AF0372B9D7E628 /* Build configuration list for PBXProject "IRLAlert" */ = {
			isa = XCConfigurationList;
			buildConfigurations = (
				F419A1FF122842EA4D922AE6 /* Debug */,
				0882B9536890E38E207FA4B1 /* Release */,
			);
			defaultConfigurationIsVisible = 0;
			defaultConfigurationName = Debug;
		};
		E274FB520922D005C08FD2DD /* Build configuration list for PBXNativeTarget "IRLAlert" */ = {
			isa = XCConfigurationList;
			buildConfigurations = (
				600169AB37DA05F7D6BC7BBF /* Debug */,
				E16E02E20A332A58270F6B6C /* Release */,
			);
			defaultConfigurationIsVisible = 0;
			defaultConfigurationName = Debug;
		};
		F4694809C011C4E69B074199 /* Build configuration list for PBXNativeTarget "IRLAlertNotificationService" */ = {
			isa = XCConfigurationList;
			buildConfigurations = (
				B91E17F308AFEA0296755A05 /* Debug */,
				DD3F1C0F3949115D02FC8CB7 /* Release */,
			);
			defaultConfigurationIsVisible = 0;
			defaultConfigurationName = Debug;
		};
/* End XCConfigurationList section */

/* Begin XCRemoteSwiftPackageReference section */
		555C2DBD6E82C1E302B9ABE1 /* XCRemoteSwiftPackageReference "socket" */ = {
			isa = XCRemoteSwiftPackageReference;
			repositoryURL = "https://github.com/socketio/socket.io-client-swift";
			requirement = {
				kind = upToNextMajorVersion;
				minimumVersion = 16.1.1;
			};
		};
/* End XCRemoteSwiftPackageReference section */

/* Begin XCSwiftPackageProductDependency section */
		D0DD298C84AABFA10A94AF94 /* SocketIO */ = {
			isa = XCSwiftPackageProductDependency;
			package = 555C2DBD6E82C1E302B9ABE1 /* XCRemoteSwiftPackageReference "socket" */;
			productName = SocketIO;
		};
/* End XCSwiftPackageProductDependency section */
	};
	rootObject = 706946F906BE6A6405C7934E /* Project object */;
}
